<?xml version="1.0" encoding="utf-8"?>
<Project ToolsVersion="4.0" xmlns="http://schemas.microsoft.com/developer/msbuild/2003">
  <ItemGroup>
    <ClCompile Include="src\animation_handler.cpp" />
    <ClCompile Include="src\camera.cpp" />
    <ClCompile Include="src\collision_system.cpp" />
    <ClCompile Include="src\entity.cpp" />
    <ClCompile Include="src\game.cpp" />
    <ClCompile Include="src\game_state_play.cpp" />
    <ClCompile Include="src\gui.cpp" />
    <ClCompile Include="src\gui_component.cpp" />
    <ClCompile Include="src\layer.cpp" />
    <ClCompile Include="src\item_atlas.cpp" />
    <ClCompile Include="src\main.cpp" />
    <ClCompile Include="src\map.cpp" />
    <ClCompile Include="src\player.cpp" />
    <ClCompile Include="src\texture_manager.cpp" />
    <ClCompile Include="src\tile.cpp" />
    <ClCompile Include="src\tile_manager.cpp" />
    <ClCompile Include="src\game_state_menu.cpp" />
    <ClCompile Include="src\button.cpp" />
    <ClCompile Include="src\text_button.cpp" />
  </ItemGroup>
  <ItemGroup>
    <ClInclude Include="include\animation.hpp" />
    <ClInclude Include="include\animation_handler.hpp" />
    <ClInclude Include="include\camera.hpp" />
    <ClInclude Include="include\collision_system.hpp" />
    <ClInclude Include="include\entity.hpp" />
    <ClInclude Include="include\game.hpp" />
    <ClInclude Include="include\game_state.hpp" />
    <ClInclude Include="include\game_state_play.hpp" />
    <ClInclude Include="include\gui.hpp" />
    <ClInclude Include="include\gui_component.hpp" />
    <ClInclude Include="include\item_atlas.hpp" />
    <ClInclude Include="include\layer.hpp" />
    <ClInclude Include="include\map.hpp" />
    <ClInclude Include="include\player.hpp" />
    <ClInclude Include="include\texture_manager.hpp" />
    <ClInclude Include="include\tile.hpp" />
    <ClInclude Include="include\tile_manager.hpp" />
    <ClInclude Include="nlohmann\json.hpp" />
    <ClInclude Include="include\game_state_menu.hpp" />
    <ClInclude Include="include\button.hpp" />
    <ClInclude Include="include\text_button.hpp" />
  </ItemGroup>
  <ItemGroup>
    <Filter Include="src">
      <UniqueIdentifier>{9e69881c-b803-4b10-8266-1ef9fa27d1d8}</UniqueIdentifier>
    </Filter>
  </ItemGroup>
</Project>